
Microsoft Visual Studio Solution File, Format Version 12.00
# Visual Studio Version 17
VisualStudioVersion = 17.9.34728.123
MinimumVisualStudioVersion = 10.0.40219.1
Project("{FAE04EC0-301F-11D3-BF4B-00C04F79EFBC}") = "LibraryManagementWebApp", "LibraryManagementWebApp\LibraryManagementWebApp.csproj", "{DA64AB4E-0693-4756-B93A-DD5DD4B6B210}"
EndProject
Global
	GlobalSection(SolutionConfigurationPlatforms) = preSolution
		Debug|Any CPU = Debug|Any CPU
		Release|Any CPU = Release|Any CPU
	EndGlobalSection
	GlobalSection(ProjectConfigurationPlatforms) = postSolution
		{DA64AB4E-0693-4756-B93A-DD5DD4B6B210}.Debug|Any CPU.ActiveCfg = Debug|Any CPU
		{DA64AB4E-0693-4756-B93A-DD5DD4B6B210}.Debug|Any CPU.Build.0 = Debug|Any CPU
		{DA64AB4E-0693-4756-B93A-DD5DD4B6B210}.Release|Any CPU.ActiveCfg = Release|Any CPU
		{DA64AB4E-0693-4756-B93A-DD5DD4B6B210}.Release|Any CPU.Build.0 = Release|Any CPU
	EndGlobalSection
	GlobalSection(SolutionProperties) = preSolution
		HideSolutionNode = FALSE
	EndGlobalSection
	GlobalSection(ExtensibilityGlobals) = postSolution
		SolutionGuid = {123747CA-F7AB-4E69-AFE0-AC659ECE7F94}
	EndGlobalSection
EndGlobal
